
Microsoft Visual Studio Solution File, Format Version 12.00
# Visual Studio Version 17
VisualStudioVersion = 17.1.32407.343
MinimumVisualStudioVersion = 10.0.40219.1
Project("{FAE04EC0-301F-11D3-BF4B-00C04F79EFBC}") = "CSTutorial", "CSTutorial.csproj", "{ECE54ADE-1906-4579-989E-088A109E9E96}"
EndProject
Global
	GlobalSection(SolutionConfigurationPlatforms) = preSolution
		Debug|Any CPU = Debug|Any CPU
		Release|Any CPU = Release|Any CPU
	EndGlobalSection
	GlobalSection(ProjectConfigurationPlatforms) = postSolution
		{ECE54ADE-1906-4579-989E-088A109E9E96}.Debug|Any CPU.ActiveCfg = Debug|Any CPU
		{ECE54ADE-1906-4579-989E-088A109E9E96}.Debug|Any CPU.Build.0 = Debug|Any CPU
		{ECE54ADE-1906-4579-989E-088A109E9E96}.Release|Any CPU.ActiveCfg = Release|Any CPU
		{ECE54ADE-1906-4579-989E-088A109E9E96}.Release|Any CPU.Build.0 = Release|Any CPU
	EndGlobalSection
	GlobalSection(SolutionProperties) = preSolution
		HideSolutionNode = FALSE
	EndGlobalSection
	GlobalSection(ExtensibilityGlobals) = postSolution
		SolutionGuid = {6EE7B851-D474-4366-84DE-57FCEF5AEFA4}
	EndGlobalSection
EndGlobal
