
Microsoft Visual Studio Solution File, Format Version 12.00
# Visual Studio Version 16
VisualStudioVersion = 16.0.29709.97
MinimumVisualStudioVersion = 10.0.40219.1
Project("{8BC9CEB8-8B4A-11D0-8D11-00A0C91BC942}") = "Test", "Test\Test.vcxproj", "{219F7201-CEF0-4DD4-BA7F-ED816AAD6F27}"
EndProject
Global
	GlobalSection(SolutionConfigurationPlatforms) = preSolution
		Debug|x64 = Debug|x64
		Debug|x86 = Debug|x86
		Release|x64 = Release|x64
		Release|x86 = Release|x86
	EndGlobalSection
	GlobalSection(ProjectConfigurationPlatforms) = postSolution
		{219F7201-CEF0-4DD4-BA7F-ED816AAD6F27}.Debug|x64.ActiveCfg = Debug|x64
		{219F7201-CEF0-4DD4-BA7F-ED816AAD6F27}.Debug|x64.Build.0 = Debug|x64
		{219F7201-CEF0-4DD4-BA7F-ED816AAD6F27}.Debug|x86.ActiveCfg = Debug|Win32
		{219F7201-CEF0-4DD4-BA7F-ED816AAD6F27}.Debug|x86.Build.0 = Debug|Win32
		{219F7201-CEF0-4DD4-BA7F-ED816AAD6F27}.Release|x64.ActiveCfg = Release|x64
		{219F7201-CEF0-4DD4-BA7F-ED816AAD6F27}.Release|x64.Build.0 = Release|x64
		{219F7201-CEF0-4DD4-BA7F-ED816AAD6F27}.Release|x86.ActiveCfg = Release|Win32
		{219F7201-CEF0-4DD4-BA7F-ED816AAD6F27}.Release|x86.Build.0 = Release|Win32
	EndGlobalSection
	GlobalSection(SolutionProperties) = preSolution
		HideSolutionNode = FALSE
	EndGlobalSection
	GlobalSection(ExtensibilityGlobals) = postSolution
		SolutionGuid = {E7F3E950-98B8-4957-8D8F-28F115EBB711}
	EndGlobalSection
EndGlobal
